
Microsoft Visual Studio Solution File, Format Version 12.00
# Visual Studio Version 17
VisualStudioVersion = 17.4.33213.308
MinimumVisualStudioVersion = 10.0.40219.1
Project("{FAE04EC0-301F-11D3-BF4B-00C04F79EFBC}") = "ObtainGAPIKey", "ObtainGAPIKey\ObtainGAPIKey.csproj", "{80EC10AC-A2E5-4ED0-BDB8-8617C072A901}"
EndProject
Global
	GlobalSection(SolutionConfigurationPlatforms) = preSolution
		Debug|Any CPU = Debug|Any CPU
		Release|Any CPU = Release|Any CPU
	EndGlobalSection
	GlobalSection(ProjectConfigurationPlatforms) = postSolution
		{80EC10AC-A2E5-4ED0-BDB8-8617C072A901}.Debug|Any CPU.ActiveCfg = Debug|Any CPU
		{80EC10AC-A2E5-4ED0-BDB8-8617C072A901}.Debug|Any CPU.Build.0 = Debug|Any CPU
		{80EC10AC-A2E5-4ED0-BDB8-8617C072A901}.Release|Any CPU.ActiveCfg = Release|Any CPU
		{80EC10AC-A2E5-4ED0-BDB8-8617C072A901}.Release|Any CPU.Build.0 = Release|Any CPU
	EndGlobalSection
	GlobalSection(SolutionProperties) = preSolution
		HideSolutionNode = FALSE
	EndGlobalSection
	GlobalSection(ExtensibilityGlobals) = postSolution
		SolutionGuid = {549FE536-35F5-4BAD-AFF6-5B0489A1678A}
	EndGlobalSection
EndGlobal
